
Microsoft Visual Studio Solution File, Format Version 12.00
# Visual Studio Version 16
VisualStudioVersion = 16.0.30309.148
MinimumVisualStudioVersion = 10.0.40219.1
Project("{9A19103F-16F7-4668-BE54-9A1E7A4F7556}") = "MorseCode.Nuget", "MorseCode.Nuget\MorseCode.Nuget.csproj", "{F08614A2-452B-4E74-B7DD-56CD4EB22AD9}"
EndProject
Global
	GlobalSection(SolutionConfigurationPlatforms) = preSolution
		Debug|Any CPU = Debug|Any CPU
		Release|Any CPU = Release|Any CPU
	EndGlobalSection
	GlobalSection(ProjectConfigurationPlatforms) = postSolution
		{F08614A2-452B-4E74-B7DD-56CD4EB22AD9}.Debug|Any CPU.ActiveCfg = Release|Any CPU
		{F08614A2-452B-4E74-B7DD-56CD4EB22AD9}.Debug|Any CPU.Build.0 = Release|Any CPU
		{F08614A2-452B-4E74-B7DD-56CD4EB22AD9}.Release|Any CPU.ActiveCfg = Release|Any CPU
		{F08614A2-452B-4E74-B7DD-56CD4EB22AD9}.Release|Any CPU.Build.0 = Release|Any CPU
	EndGlobalSection
	GlobalSection(SolutionProperties) = preSolution
		HideSolutionNode = FALSE
	EndGlobalSection
	GlobalSection(ExtensibilityGlobals) = postSolution
		SolutionGuid = {9496697D-9981-4CE9-AFEC-33282ECD77B4}
	EndGlobalSection
EndGlobal
